<?xml version="1.0" encoding="utf-8"?>
<Project ToolsVersion="4.0" xmlns="http://schemas.microsoft.com/developer/msbuild/2003">
  <ItemGroup>
    <Filter Include="Source Files">
      <UniqueIdentifier>{4FC737F1-C7A5-4376-A066-2A32D752A2FF}</UniqueIdentifier>
      <Extensions>cpp;c;cc;cxx;def;odl;idl;hpj;bat;asm;asmx</Extensions>
    </Filter>
    <Filter Include="Header Files">
      <UniqueIdentifier>{93995380-89BD-4b04-88EB-625FBE52EBFB}</UniqueIdentifier>
      <Extensions>h;hh;hpp;hxx;hm;inl;inc;ipp;xsd</Extensions>
    </Filter>
    <Filter Include="Resource Files">
      <UniqueIdentifier>{67DA6AB6-F800-4c08-8B7A-83BB121AAD01}</UniqueIdentifier>
      <Extensions>rc;ico;cur;bmp;dlg;rc2;rct;bin;rgs;gif;jpg;jpeg;jpe;resx;tiff;tif;png;wav;mfcribbon-ms</Extensions>
    </Filter>
  </ItemGroup>
  <ItemGroup>
    <ClInclude Include="pch.h">
      <Filter>Header Files</Filter>
    </ClInclude>
    <ClInclude Include="CImg.h">
      <Filter>Header Files</Filter>
    </ClInclude>
    <ClInclude Include="plugins\add_fileformat.h">
      <Filter>Header Files</Filter>
    </ClInclude>
    <ClInclude Include="plugins\bayer.h">
      <Filter>Header Files</Filter>
    </ClInclude>
    <ClInclude Include="plugins\chlpca.h">
      <Filter>Header Files</Filter>
    </ClInclude>
    <ClInclude Include="plugins\cvMat.h">
      <Filter>Header Files</Filter>
    </ClInclude>
    <ClInclude Include="plugins\draw_gradient.h">
      <Filter>Header Files</Filter>
    </ClInclude>
    <ClInclude Include="plugins\inpaint.h">
      <Filter>Header Files</Filter>
    </ClInclude>
    <ClInclude Include="plugins\ipl.h">
      <Filter>Header Files</Filter>
    </ClInclude>
    <ClInclude Include="plugins\ipl_alt.h">
      <Filter>Header Files</Filter>
    </ClInclude>
    <ClInclude Include="plugins\jpeg_buffer.h">
      <Filter>Header Files</Filter>
    </ClInclude>
    <ClInclude Include="plugins\loop_macros.h">
      <Filter>Header Files</Filter>
    </ClInclude>
    <ClInclude Include="plugins\matlab.h">
      <Filter>Header Files</Filter>
    </ClInclude>
    <ClInclude Include="plugins\nlmeans.h">
      <Filter>Header Files</Filter>
    </ClInclude>
    <ClInclude Include="plugins\skeleton.h">
      <Filter>Header Files</Filter>
    </ClInclude>
    <ClInclude Include="plugins\tiff_stream.h">
      <Filter>Header Files</Filter>
    </ClInclude>
    <ClInclude Include="plugins\tinymatwriter.h">
      <Filter>Header Files</Filter>
    </ClInclude>
    <ClInclude Include="plugins\vrml.h">
      <Filter>Header Files</Filter>
    </ClInclude>
    <ClInclude Include="plugins\vtk.h">
      <Filter>Header Files</Filter>
    </ClInclude>
    <ClInclude Include="ColorAnalysis.h">
      <Filter>Header Files</Filter>
    </ClInclude>
    <ClInclude Include="IntensityDistribution.h">
      <Filter>Header Files</Filter>
    </ClInclude>
    <ClInclude Include="ColorMatcher.h">
      <Filter>Header Files</Filter>
    </ClInclude>
  </ItemGroup>
  <ItemGroup>
    <ClCompile Include="pch.cpp">
      <Filter>Source Files</Filter>
    </ClCompile>
    <ClCompile Include="ColorAnalysis.cpp">
      <Filter>Source Files</Filter>
    </ClCompile>
    <ClCompile Include="Start.cpp">
      <Filter>Source Files</Filter>
    </ClCompile>
    <ClCompile Include="IntensityDistribution.cpp">
      <Filter>Source Files</Filter>
    </ClCompile>
    <ClCompile Include="ColorMatcher.cpp">
      <Filter>Source Files</Filter>
    </ClCompile>
  </ItemGroup>
</Project>